// !$*UTF8*$!
{
	archiveVersion = 1;
	classes = {
	};
	objectVersion = 46;
	objects = {

/* Begin PBXFileReference section */
		0B4B0EF11D989D9200DFC256 /* .DS_Store */ = {isa = PBXFileReference; lastKnownFileType = file; path = .DS_Store; sourceTree = "<group>"; };
		0B4B0EF21D989D9200DFC256 /* cmake_install.cmake */ = {isa = PBXFileReference; lastKnownFileType = text; path = cmake_install.cmake; sourceTree = "<group>"; };
		0B4B0EF31D989D9200DFC256 /* CMakeFiles */ = {isa = PBXFileReference; lastKnownFileType = folder; path = CMakeFiles; sourceTree = "<group>"; };
		0B4B0EF41D989D9200DFC256 /* CMakeLists.txt */ = {isa = PBXFileReference; lastKnownFileType = text; path = CMakeLists.txt; sourceTree = "<group>"; };
		0B4B0EF51D989D9200DFC256 /* common.hpp */ = {isa = PBXFileReference; lastKnownFileType = sourcecode.cpp.h; path = common.hpp; sourceTree = "<group>"; };
		0B4B0EF61D989D9200DFC256 /* CTestTestfile.cmake */ = {isa = PBXFileReference; lastKnownFileType = text; path = CTestTestfile.cmake; sourceTree = "<group>"; };
		0B4B0EF71D989D9200DFC256 /* detail */ = {isa = PBXFileReference; lastKnownFileType = folder; path = detail; sourceTree = "<group>"; };
		0B4B0EF81D989D9200DFC256 /* exponential.hpp */ = {isa = PBXFileReference; lastKnownFileType = sourcecode.cpp.h; path = exponential.hpp; sourceTree = "<group>"; };
		0B4B0EF91D989D9200DFC256 /* ext.hpp */ = {isa = PBXFileReference; lastKnownFileType = sourcecode.cpp.h; path = ext.hpp; sourceTree = "<group>"; };
		0B4B0EFA1D989D9200DFC256 /* fwd.hpp */ = {isa = PBXFileReference; lastKnownFileType = sourcecode.cpp.h; path = fwd.hpp; sourceTree = "<group>"; };
		0B4B0EFB1D989D9200DFC256 /* geometric.hpp */ = {isa = PBXFileReference; lastKnownFileType = sourcecode.cpp.h; path = geometric.hpp; sourceTree = "<group>"; };
		0B4B0EFC1D989D9200DFC256 /* glm.hpp */ = {isa = PBXFileReference; lastKnownFileType = sourcecode.cpp.h; path = glm.hpp; sourceTree = "<group>"; };
		0B4B0EFD1D989D9200DFC256 /* glm_dummy */ = {isa = PBXFileReference; lastKnownFileType = "compiled.mach-o.executable"; path = glm_dummy; sourceTree = "<group>"; };
		0B4B0EFE1D989D9200DFC256 /* gtc */ = {isa = PBXFileReference; lastKnownFileType = folder; path = gtc; sourceTree = "<group>"; };
		0B4B0EFF1D989D9200DFC256 /* gtx */ = {isa = PBXFileReference; lastKnownFileType = folder; path = gtx; sourceTree = "<group>"; };
		0B4B0F001D989D9200DFC256 /* integer.hpp */ = {isa = PBXFileReference; lastKnownFileType = sourcecode.cpp.h; path = integer.hpp; sourceTree = "<group>"; };
		0B4B0F011D989D9200DFC256 /* Makefile */ = {isa = PBXFileReference; lastKnownFileType = sourcecode.make; path = Makefile; sourceTree = "<group>"; };
		0B4B0F021D989D9200DFC256 /* mat2x2.hpp */ = {isa = PBXFileReference; lastKnownFileType = sourcecode.cpp.h; path = mat2x2.hpp; sourceTree = "<group>"; };
		0B4B0F031D989D9200DFC256 /* mat2x3.hpp */ = {isa = PBXFileReference; lastKnownFileType = sourcecode.cpp.h; path = mat2x3.hpp; sourceTree = "<group>"; };
		0B4B0F041D989D9200DFC256 /* mat2x4.hpp */ = {isa = PBXFileReference; lastKnownFileType = sourcecode.cpp.h; path = mat2x4.hpp; sourceTree = "<group>"; };
		0B4B0F051D989D9200DFC256 /* mat3x2.hpp */ = {isa = PBXFileReference; lastKnownFileType = sourcecode.cpp.h; path = mat3x2.hpp; sourceTree = "<group>"; };
		0B4B0F061D989D9200DFC256 /* mat3x3.hpp */ = {isa = PBXFileReference; lastKnownFileType = sourcecode.cpp.h; path = mat3x3.hpp; sourceTree = "<group>"; };
		0B4B0F071D989D9200DFC256 /* mat3x4.hpp */ = {isa = PBXFileReference; lastKnownFileType = sourcecode.cpp.h; path = mat3x4.hpp; sourceTree = "<group>"; };
		0B4B0F081D989D9200DFC256 /* mat4x2.hpp */ = {isa = PBXFileReference; lastKnownFileType = sourcecode.cpp.h; path = mat4x2.hpp; sourceTree = "<group>"; };
		0B4B0F091D989D9200DFC256 /* mat4x3.hpp */ = {isa = PBXFileReference; lastKnownFileType = sourcecode.cpp.h; path = mat4x3.hpp; sourceTree = "<group>"; };
		0B4B0F0A1D989D9200DFC256 /* mat4x4.hpp */ = {isa = PBXFileReference; lastKnownFileType = sourcecode.cpp.h; path = mat4x4.hpp; sourceTree = "<group>"; };
		0B4B0F0B1D989D9200DFC256 /* matrix.hpp */ = {isa = PBXFileReference; lastKnownFileType = sourcecode.cpp.h; path = matrix.hpp; sourceTree = "<group>"; };
		0B4B0F0C1D989D9200DFC256 /* packing.hpp */ = {isa = PBXFileReference; lastKnownFileType = sourcecode.cpp.h; path = packing.hpp; sourceTree = "<group>"; };
		0B4B0F0D1D989D9200DFC256 /* simd */ = {isa = PBXFileReference; lastKnownFileType = folder; path = simd; sourceTree = "<group>"; };
		0B4B0F0E1D989D9200DFC256 /* trigonometric.hpp */ = {isa = PBXFileReference; lastKnownFileType = sourcecode.cpp.h; path = trigonometric.hpp; sourceTree = "<group>"; };
		0B4B0F0F1D989D9200DFC256 /* vec2.hpp */ = {isa = PBXFileReference; lastKnownFileType = sourcecode.cpp.h; path = vec2.hpp; sourceTree = "<group>"; };
		0B4B0F101D989D9200DFC256 /* vec3.hpp */ = {isa = PBXFileReference; lastKnownFileType = sourcecode.cpp.h; path = vec3.hpp; sourceTree = "<group>"; };
		0B4B0F111D989D9200DFC256 /* vec4.hpp */ = {isa = PBXFileReference; lastKnownFileType = sourcecode.cpp.h; path = vec4.hpp; sourceTree = "<group>"; };
		0B4B0F121D989D9200DFC256 /* vector_relational.hpp */ = {isa = PBXFileReference; lastKnownFileType = sourcecode.cpp.h; path = vector_relational.hpp; sourceTree = "<group>"; };
/* End PBXFileReference section */

/* Begin PBXGroup section */
		0B4B0EEB1D989D9200DFC256 = {
			isa = PBXGroup;
			children = (
				0B4B0EF11D989D9200DFC256 /* .DS_Store */,
				0B4B0EF21D989D9200DFC256 /* cmake_install.cmake */,
				0B4B0EF31D989D9200DFC256 /* CMakeFiles */,
				0B4B0EF41D989D9200DFC256 /* CMakeLists.txt */,
				0B4B0EF51D989D9200DFC256 /* common.hpp */,
				0B4B0EF61D989D9200DFC256 /* CTestTestfile.cmake */,
				0B4B0EF71D989D9200DFC256 /* detail */,
				0B4B0EF81D989D9200DFC256 /* exponential.hpp */,
				0B4B0EF91D989D9200DFC256 /* ext.hpp */,
				0B4B0EFA1D989D9200DFC256 /* fwd.hpp */,
				0B4B0EFB1D989D9200DFC256 /* geometric.hpp */,
				0B4B0EFC1D989D9200DFC256 /* glm.hpp */,
				0B4B0EFD1D989D9200DFC256 /* glm_dummy */,
				0B4B0EFE1D989D9200DFC256 /* gtc */,
				0B4B0EFF1D989D9200DFC256 /* gtx */,
				0B4B0F001D989D9200DFC256 /* integer.hpp */,
				0B4B0F011D989D9200DFC256 /* Makefile */,
				0B4B0F021D989D9200DFC256 /* mat2x2.hpp */,
				0B4B0F031D989D9200DFC256 /* mat2x3.hpp */,
				0B4B0F041D989D9200DFC256 /* mat2x4.hpp */,
				0B4B0F051D989D9200DFC256 /* mat3x2.hpp */,
				0B4B0F061D989D9200DFC256 /* mat3x3.hpp */,
				0B4B0F071D989D9200DFC256 /* mat3x4.hpp */,
				0B4B0F081D989D9200DFC256 /* mat4x2.hpp */,
				0B4B0F091D989D9200DFC256 /* mat4x3.hpp */,
				0B4B0F0A1D989D9200DFC256 /* mat4x4.hpp */,
				0B4B0F0B1D989D9200DFC256 /* matrix.hpp */,
				0B4B0F0C1D989D9200DFC256 /* packing.hpp */,
				0B4B0F0D1D989D9200DFC256 /* simd */,
				0B4B0F0E1D989D9200DFC256 /* trigonometric.hpp */,
				0B4B0F0F1D989D9200DFC256 /* vec2.hpp */,
				0B4B0F101D989D9200DFC256 /* vec3.hpp */,
				0B4B0F111D989D9200DFC256 /* vec4.hpp */,
				0B4B0F121D989D9200DFC256 /* vector_relational.hpp */,
			);
			sourceTree = "<group>";
		};
/* End PBXGroup section */

/* Begin PBXLegacyTarget section */
		0B4B0EF01D989D9200DFC256 /* glm */ = {
			isa = PBXLegacyTarget;
			buildArgumentsString = "$(ACTION)";
			buildConfigurationList = 0B4B0F131D989D9200DFC256 /* Build configuration list for PBXLegacyTarget "glm" */;
			buildPhases = (
			);
			buildToolPath = /usr/bin/make;
			buildWorkingDirectory = /Users/VinceentSmithers/Desktop/Job/Post401/glfw_glew_template/GLFW_GLEW_TEMPLATE/glm/glm;
			dependencies = (
			);
			name = glm;
			passBuildSettingsInEnvironment = 1;
			productName = glm;
		};
/* End PBXLegacyTarget section */

/* Begin PBXProject section */
		0B4B0EEC1D989D9200DFC256 /* Project object */ = {
			isa = PBXProject;
			attributes = {
			};
			buildConfigurationList = 0B4B0EEF1D989D9200DFC256 /* Build configuration list for PBXProject "glm" */;
			compatibilityVersion = "Xcode 3.2";
			developmentRegion = English;
			hasScannedForEncodings = 0;
			knownRegions = (
				en,
			);
			mainGroup = 0B4B0EEB1D989D9200DFC256;
			projectDirPath = "";
			projectRoot = "";
			targets = (
				0B4B0EF01D989D9200DFC256 /* glm */,
			);
		};
/* End PBXProject section */

/* Begin XCBuildConfiguration section */
		0B4B0EED1D989D9200DFC256 /* Debug */ = {
			isa = XCBuildConfiguration;
			buildSettings = {
				ARCHS = "$(ARCHS_STANDARD_32_BIT)";
				COPY_PHASE_STRIP = NO;
				GCC_WARN_ABOUT_RETURN_TYPE = YES;
				GCC_WARN_UNUSED_VARIABLE = YES;
				ONLY_ACTIVE_ARCH = YES;
				SDKROOT = macosx10.6;
			};
			name = Debug;
		};
		0B4B0EEE1D989D9200DFC256 /* Release */ = {
			isa = XCBuildConfiguration;
			buildSettings = {
				ARCHS = "$(ARCHS_STANDARD_32_BIT)";
				COPY_PHASE_STRIP = YES;
				GCC_WARN_ABOUT_RETURN_TYPE = YES;
				GCC_WARN_UNUSED_VARIABLE = YES;
				SDKROOT = macosx10.6;
			};
			name = Release;
		};
		0B4B0F141D989D9200DFC256 /* Debug */ = {
			isa = XCBuildConfiguration;
			buildSettings = {
				COPY_PHASE_STRIP = NO;
				DEBUGGING_SYMBOLS = YES;
				GCC_DYNAMIC_NO_PIC = NO;
				GCC_ENABLE_FIX_AND_CONTINUE = YES;
				GCC_GENERATE_DEBUGGING_SYMBOLS = YES;
				GCC_OPTIMIZATION_LEVEL = 0;
				OTHER_CFLAGS = "";
				OTHER_LDFLAGS = "";
				PRODUCT_NAME = glm;
			};
			name = Debug;
		};
		0B4B0F151D989D9200DFC256 /* Release */ = {
			isa = XCBuildConfiguration;
			buildSettings = {
				COPY_PHASE_STRIP = YES;
				DEBUG_INFORMATION_FORMAT = "dwarf-with-dsym";
				GCC_ENABLE_FIX_AND_CONTINUE = NO;
				OTHER_CFLAGS = "";
				OTHER_LDFLAGS = "";
				PRODUCT_NAME = glm;
			};
			name = Release;
		};
/* End XCBuildConfiguration section */

/* Begin XCConfigurationList section */
		0B4B0EEF1D989D9200DFC256 /* Build configuration list for PBXProject "glm" */ = {
			isa = XCConfigurationList;
			buildConfigurations = (
				0B4B0EED1D989D9200DFC256 /* Debug */,
				0B4B0EEE1D989D9200DFC256 /* Release */,
			);
			defaultConfigurationIsVisible = 0;
			defaultConfigurationName = Release;
		};
		0B4B0F131D989D9200DFC256 /* Build configuration list for PBXLegacyTarget "glm" */ = {
			isa = XCConfigurationList;
			buildConfigurations = (
				0B4B0F141D989D9200DFC256 /* Debug */,
				0B4B0F151D989D9200DFC256 /* Release */,
			);
			defaultConfigurationIsVisible = 0;
			defaultConfigurationName = Release;
		};
/* End XCConfigurationList section */
	};
	rootObject = 0B4B0EEC1D989D9200DFC256 /* Project object */;
}
