// !$*UTF8*$!
{
	archiveVersion = 1;
	classes = {
	};
	objectVersion = 46;
	objects = {

/* Begin PBXBuildFile section */
		0B46972D1D948CDA00979F96 /* image_DXT.c in Sources */ = {isa = PBXBuildFile; fileRef = 0B4697291D948CDA00979F96 /* image_DXT.c */; };
		0B46972E1D948CDA00979F96 /* image_helper.c in Sources */ = {isa = PBXBuildFile; fileRef = 0B46972A1D948CDA00979F96 /* image_helper.c */; };
		0B46972F1D948CDA00979F96 /* SOIL.c in Sources */ = {isa = PBXBuildFile; fileRef = 0B46972B1D948CDA00979F96 /* SOIL.c */; };
		0B4697301D948CDA00979F96 /* stb_image_aug.c in Sources */ = {isa = PBXBuildFile; fileRef = 0B46972C1D948CDA00979F96 /* stb_image_aug.c */; };
		0BB4B1F51D8E081400639F5D /* main.cpp in Sources */ = {isa = PBXBuildFile; fileRef = 0BB4B1F41D8E081400639F5D /* main.cpp */; };
		0BB4B1FC1D8E086800639F5D /* libglfw3.3.2.dylib in Frameworks */ = {isa = PBXBuildFile; fileRef = 0BB4B1FB1D8E086800639F5D /* libglfw3.3.2.dylib */; };
		0BB4B1FE1D8E086E00639F5D /* OpenGL.framework in Frameworks */ = {isa = PBXBuildFile; fileRef = 0BB4B1FD1D8E086E00639F5D /* OpenGL.framework */; };
		0BB4B2001D8E088800639F5D /* libGLEW.2.0.0.dylib in Frameworks */ = {isa = PBXBuildFile; fileRef = 0BB4B1FF1D8E088800639F5D /* libGLEW.2.0.0.dylib */; };
/* End PBXBuildFile section */

/* Begin PBXCopyFilesBuildPhase section */
		0BB4B1EF1D8E081400639F5D /* CopyFiles */ = {
			isa = PBXCopyFilesBuildPhase;
			buildActionMask = 2147483647;
			dstPath = /usr/share/man/man1/;
			dstSubfolderSpec = 0;
			files = (
			);
			runOnlyForDeploymentPostprocessing = 1;
		};
/* End PBXCopyFilesBuildPhase section */

/* Begin PBXFileReference section */
		0B46969F1D943AA500979F96 /* libSOIL.a */ = {isa = PBXFileReference; lastKnownFileType = archive.ar; name = libSOIL.a; path = ../../../../../../../usr/local/soil/lib/libSOIL.a; sourceTree = "<group>"; };
		0B4696A11D943B5700979F96 /* libSOIL.a */ = {isa = PBXFileReference; lastKnownFileType = archive.ar; name = libSOIL.a; path = ../../../../../../../usr/local/Cellar/soil/lib/libSOIL.a; sourceTree = "<group>"; };
		0B4696A31D943D3400979F96 /* SOIL.h */ = {isa = PBXFileReference; lastKnownFileType = sourcecode.c.h; name = SOIL.h; path = ../../../../../../../usr/local/Cellar/soil/src/SOIL.h; sourceTree = "<group>"; };
		0B4696A61D943DEC00979F96 /* turtlesX.png */ = {isa = PBXFileReference; lastKnownFileType = image.png; name = turtlesX.png; path = images/turtlesX.png; sourceTree = "<group>"; };
		0B4696AB1D94462100979F96 /* CoreFoundation.framework */ = {isa = PBXFileReference; lastKnownFileType = wrapper.framework; name = CoreFoundation.framework; path = System/Library/Frameworks/CoreFoundation.framework; sourceTree = SDKROOT; };
		0B4697231D94885800979F96 /* libSOILXX.dylib */ = {isa = PBXFileReference; lastKnownFileType = "compiled.mach-o.dylib"; name = libSOILXX.dylib; path = "../../../../../Library/Developer/Xcode/DerivedData/SOILXX-bdkfaqiktrfprkcreuqgmrbwqnmd/Build/Products/Debug/libSOILXX.dylib"; sourceTree = "<group>"; };
		0B4697251D94892A00979F96 /* glfw3.h */ = {isa = PBXFileReference; lastKnownFileType = sourcecode.c.h; name = glfw3.h; path = ../../../../../../../usr/local/Cellar/glfw3/3.2.1/include/GLFW/glfw3.h; sourceTree = "<group>"; };
		0B4697291D948CDA00979F96 /* image_DXT.c */ = {isa = PBXFileReference; lastKnownFileType = sourcecode.c.c; name = image_DXT.c; path = /usr/local/Cellar/soilX/libSOIL/image_DXT.c; sourceTree = "<absolute>"; };
		0B46972A1D948CDA00979F96 /* image_helper.c */ = {isa = PBXFileReference; lastKnownFileType = sourcecode.c.c; name = image_helper.c; path = /usr/local/Cellar/soilX/libSOIL/image_helper.c; sourceTree = "<absolute>"; };
		0B46972B1D948CDA00979F96 /* SOIL.c */ = {isa = PBXFileReference; lastKnownFileType = sourcecode.c.c; name = SOIL.c; path = /usr/local/Cellar/soilX/libSOIL/SOIL.c; sourceTree = "<absolute>"; };
		0B46972C1D948CDA00979F96 /* stb_image_aug.c */ = {isa = PBXFileReference; lastKnownFileType = sourcecode.c.c; name = stb_image_aug.c; path = /usr/local/Cellar/soilX/libSOIL/stb_image_aug.c; sourceTree = "<absolute>"; };
		0B4697321D948EB900979F96 /* SOIL.h */ = {isa = PBXFileReference; lastKnownFileType = sourcecode.c.h; name = SOIL.h; path = /usr/local/Cellar/soilX/libSOIL/SOIL.h; sourceTree = "<absolute>"; };
		0BB4B1F11D8E081400639F5D /* xxx */ = {isa = PBXFileReference; explicitFileType = "compiled.mach-o.executable"; includeInIndex = 0; path = xxx; sourceTree = BUILT_PRODUCTS_DIR; };
		0BB4B1F41D8E081400639F5D /* main.cpp */ = {isa = PBXFileReference; lastKnownFileType = sourcecode.cpp.cpp; path = main.cpp; sourceTree = "<group>"; };
		0BB4B1FB1D8E086800639F5D /* libglfw3.3.2.dylib */ = {isa = PBXFileReference; lastKnownFileType = "compiled.mach-o.dylib"; name = libglfw3.3.2.dylib; path = ../../../../usr/local/Cellar/glfw3/3.2.1/lib/libglfw3.3.2.dylib; sourceTree = "<group>"; };
		0BB4B1FD1D8E086E00639F5D /* OpenGL.framework */ = {isa = PBXFileReference; lastKnownFileType = wrapper.framework; name = OpenGL.framework; path = System/Library/Frameworks/OpenGL.framework; sourceTree = SDKROOT; };
		0BB4B1FF1D8E088800639F5D /* libGLEW.2.0.0.dylib */ = {isa = PBXFileReference; lastKnownFileType = "compiled.mach-o.dylib"; name = libGLEW.2.0.0.dylib; path = ../../../../usr/local/Cellar/glew/2.0.0/lib/libGLEW.2.0.0.dylib; sourceTree = "<group>"; };
		0BE087A61D932B7C0045949F /* ShaderXXX.h */ = {isa = PBXFileReference; lastKnownFileType = sourcecode.c.h; path = ShaderXXX.h; sourceTree = "<group>"; };
		0BE087A71D932BB80045949F /* VertexShader.vs */ = {isa = PBXFileReference; fileEncoding = 4; lastKnownFileType = sourcecode.glsl; path = VertexShader.vs; sourceTree = "<group>"; };
		0BE6C0DB1D933099005332C0 /* FragmentShader.fr */ = {isa = PBXFileReference; fileEncoding = 4; lastKnownFileType = text; path = FragmentShader.fr; sourceTree = "<group>"; };
/* End PBXFileReference section */

/* Begin PBXFrameworksBuildPhase section */
		0BB4B1EE1D8E081400639F5D /* Frameworks */ = {
			isa = PBXFrameworksBuildPhase;
			buildActionMask = 2147483647;
			files = (
				0BB4B1FE1D8E086E00639F5D /* OpenGL.framework in Frameworks */,
				0BB4B2001D8E088800639F5D /* libGLEW.2.0.0.dylib in Frameworks */,
				0BB4B1FC1D8E086800639F5D /* libglfw3.3.2.dylib in Frameworks */,
			);
			runOnlyForDeploymentPostprocessing = 0;
		};
/* End PBXFrameworksBuildPhase section */

/* Begin PBXGroup section */
		0B46969E1D943AA500979F96 /* Frameworks */ = {
			isa = PBXGroup;
			children = (
				0B4697251D94892A00979F96 /* glfw3.h */,
				0B4697231D94885800979F96 /* libSOILXX.dylib */,
				0B4696AB1D94462100979F96 /* CoreFoundation.framework */,
				0B4696A31D943D3400979F96 /* SOIL.h */,
				0B4696A11D943B5700979F96 /* libSOIL.a */,
				0B46969F1D943AA500979F96 /* libSOIL.a */,
			);
			name = Frameworks;
			sourceTree = "<group>";
		};
		0B4696A51D943DDD00979F96 /* Images */ = {
			isa = PBXGroup;
			children = (
				0B4696A61D943DEC00979F96 /* turtlesX.png */,
			);
			name = Images;
			path = ..;
			sourceTree = "<group>";
		};
		0B4697311D948E5C00979F96 /* SOIL */ = {
			isa = PBXGroup;
			children = (
				0B4697321D948EB900979F96 /* SOIL.h */,
				0B4697291D948CDA00979F96 /* image_DXT.c */,
				0B46972A1D948CDA00979F96 /* image_helper.c */,
				0B46972B1D948CDA00979F96 /* SOIL.c */,
				0B46972C1D948CDA00979F96 /* stb_image_aug.c */,
			);
			name = SOIL;
			sourceTree = "<group>";
		};
		0BB4B1E81D8E081400639F5D = {
			isa = PBXGroup;
			children = (
				0B4697311D948E5C00979F96 /* SOIL */,
				0BB4B1FD1D8E086E00639F5D /* OpenGL.framework */,
				0BB4B1FF1D8E088800639F5D /* libGLEW.2.0.0.dylib */,
				0BB4B1FB1D8E086800639F5D /* libglfw3.3.2.dylib */,
				0BB4B1F31D8E081400639F5D /* xxx */,
				0BB4B1F21D8E081400639F5D /* Products */,
				0B46969E1D943AA500979F96 /* Frameworks */,
			);
			sourceTree = "<group>";
		};
		0BB4B1F21D8E081400639F5D /* Products */ = {
			isa = PBXGroup;
			children = (
				0BB4B1F11D8E081400639F5D /* xxx */,
			);
			name = Products;
			sourceTree = "<group>";
		};
		0BB4B1F31D8E081400639F5D /* xxx */ = {
			isa = PBXGroup;
			children = (
				0B4696A51D943DDD00979F96 /* Images */,
				0BB4B1F41D8E081400639F5D /* main.cpp */,
				0BE087A61D932B7C0045949F /* ShaderXXX.h */,
				0BE087A71D932BB80045949F /* VertexShader.vs */,
				0BE6C0DB1D933099005332C0 /* FragmentShader.fr */,
			);
			path = xxx;
			sourceTree = "<group>";
		};
/* End PBXGroup section */

/* Begin PBXNativeTarget section */
		0BB4B1F01D8E081400639F5D /* xxx */ = {
			isa = PBXNativeTarget;
			buildConfigurationList = 0BB4B1F81D8E081400639F5D /* Build configuration list for PBXNativeTarget "xxx" */;
			buildPhases = (
				0BB4B1ED1D8E081400639F5D /* Sources */,
				0BB4B1EE1D8E081400639F5D /* Frameworks */,
				0BB4B1EF1D8E081400639F5D /* CopyFiles */,
			);
			buildRules = (
			);
			dependencies = (
			);
			name = xxx;
			productName = xxx;
			productReference = 0BB4B1F11D8E081400639F5D /* xxx */;
			productType = "com.apple.product-type.tool";
		};
/* End PBXNativeTarget section */

/* Begin PBXProject section */
		0BB4B1E91D8E081400639F5D /* Project object */ = {
			isa = PBXProject;
			attributes = {
				LastUpgradeCheck = 0800;
				ORGANIZATIONNAME = "Vince Smithers";
				TargetAttributes = {
					0BB4B1F01D8E081400639F5D = {
						CreatedOnToolsVersion = 7.3.1;
					};
				};
			};
			buildConfigurationList = 0BB4B1EC1D8E081400639F5D /* Build configuration list for PBXProject "xxx" */;
			compatibilityVersion = "Xcode 3.2";
			developmentRegion = English;
			hasScannedForEncodings = 0;
			knownRegions = (
				en,
			);
			mainGroup = 0BB4B1E81D8E081400639F5D;
			productRefGroup = 0BB4B1F21D8E081400639F5D /* Products */;
			projectDirPath = "";
			projectRoot = "";
			targets = (
				0BB4B1F01D8E081400639F5D /* xxx */,
			);
		};
/* End PBXProject section */

/* Begin PBXSourcesBuildPhase section */
		0BB4B1ED1D8E081400639F5D /* Sources */ = {
			isa = PBXSourcesBuildPhase;
			buildActionMask = 2147483647;
			files = (
				0B46972D1D948CDA00979F96 /* image_DXT.c in Sources */,
				0B46972E1D948CDA00979F96 /* image_helper.c in Sources */,
				0B46972F1D948CDA00979F96 /* SOIL.c in Sources */,
				0B4697301D948CDA00979F96 /* stb_image_aug.c in Sources */,
				0BB4B1F51D8E081400639F5D /* main.cpp in Sources */,
			);
			runOnlyForDeploymentPostprocessing = 0;
		};
/* End PBXSourcesBuildPhase section */

/* Begin XCBuildConfiguration section */
		0BB4B1F61D8E081400639F5D /* Debug */ = {
			isa = XCBuildConfiguration;
			buildSettings = {
				ALWAYS_SEARCH_USER_PATHS = NO;
				CLANG_ANALYZER_NONNULL = YES;
				CLANG_CXX_LANGUAGE_STANDARD = "gnu++0x";
				CLANG_CXX_LIBRARY = "libc++";
				CLANG_ENABLE_MODULES = YES;
				CLANG_ENABLE_OBJC_ARC = YES;
				CLANG_WARN_BOOL_CONVERSION = YES;
				CLANG_WARN_CONSTANT_CONVERSION = YES;
				CLANG_WARN_DIRECT_OBJC_ISA_USAGE = YES_ERROR;
				CLANG_WARN_EMPTY_BODY = YES;
				CLANG_WARN_ENUM_CONVERSION = YES;
				CLANG_WARN_INFINITE_RECURSION = YES;
				CLANG_WARN_INT_CONVERSION = YES;
				CLANG_WARN_OBJC_ROOT_CLASS = YES_ERROR;
				CLANG_WARN_SUSPICIOUS_MOVE = YES;
				CLANG_WARN_UNREACHABLE_CODE = YES;
				CLANG_WARN__DUPLICATE_METHOD_MATCH = YES;
				CODE_SIGN_IDENTITY = "-";
				COPY_PHASE_STRIP = NO;
				DEBUG_INFORMATION_FORMAT = dwarf;
				ENABLE_STRICT_OBJC_MSGSEND = YES;
				ENABLE_TESTABILITY = YES;
				GCC_C_LANGUAGE_STANDARD = gnu99;
				GCC_DYNAMIC_NO_PIC = NO;
				GCC_NO_COMMON_BLOCKS = YES;
				GCC_OPTIMIZATION_LEVEL = 0;
				GCC_PREPROCESSOR_DEFINITIONS = (
					"DEBUG=1",
					"$(inherited)",
				);
				GCC_WARN_64_TO_32_BIT_CONVERSION = YES;
				GCC_WARN_ABOUT_RETURN_TYPE = YES_ERROR;
				GCC_WARN_UNDECLARED_SELECTOR = YES;
				GCC_WARN_UNINITIALIZED_AUTOS = YES_AGGRESSIVE;
				GCC_WARN_UNUSED_FUNCTION = YES;
				GCC_WARN_UNUSED_VARIABLE = YES;
				MACOSX_DEPLOYMENT_TARGET = 10.11;
				MTL_ENABLE_DEBUG_INFO = YES;
				ONLY_ACTIVE_ARCH = YES;
				SDKROOT = macosx;
			};
			name = Debug;
		};
		0BB4B1F71D8E081400639F5D /* Release */ = {
			isa = XCBuildConfiguration;
			buildSettings = {
				ALWAYS_SEARCH_USER_PATHS = NO;
				CLANG_ANALYZER_NONNULL = YES;
				CLANG_CXX_LANGUAGE_STANDARD = "gnu++0x";
				CLANG_CXX_LIBRARY = "libc++";
				CLANG_ENABLE_MODULES = YES;
				CLANG_ENABLE_OBJC_ARC = YES;
				CLANG_WARN_BOOL_CONVERSION = YES;
				CLANG_WARN_CONSTANT_CONVERSION = YES;
				CLANG_WARN_DIRECT_OBJC_ISA_USAGE = YES_ERROR;
				CLANG_WARN_EMPTY_BODY = YES;
				CLANG_WARN_ENUM_CONVERSION = YES;
				CLANG_WARN_INFINITE_RECURSION = YES;
				CLANG_WARN_INT_CONVERSION = YES;
				CLANG_WARN_OBJC_ROOT_CLASS = YES_ERROR;
				CLANG_WARN_SUSPICIOUS_MOVE = YES;
				CLANG_WARN_UNREACHABLE_CODE = YES;
				CLANG_WARN__DUPLICATE_METHOD_MATCH = YES;
				CODE_SIGN_IDENTITY = "-";
				COPY_PHASE_STRIP = NO;
				DEBUG_INFORMATION_FORMAT = "dwarf-with-dsym";
				ENABLE_NS_ASSERTIONS = NO;
				ENABLE_STRICT_OBJC_MSGSEND = YES;
				GCC_C_LANGUAGE_STANDARD = gnu99;
				GCC_NO_COMMON_BLOCKS = YES;
				GCC_WARN_64_TO_32_BIT_CONVERSION = YES;
				GCC_WARN_ABOUT_RETURN_TYPE = YES_ERROR;
				GCC_WARN_UNDECLARED_SELECTOR = YES;
				GCC_WARN_UNINITIALIZED_AUTOS = YES_AGGRESSIVE;
				GCC_WARN_UNUSED_FUNCTION = YES;
				GCC_WARN_UNUSED_VARIABLE = YES;
				MACOSX_DEPLOYMENT_TARGET = 10.11;
				MTL_ENABLE_DEBUG_INFO = NO;
				SDKROOT = macosx;
			};
			name = Release;
		};
		0BB4B1F91D8E081400639F5D /* Debug */ = {
			isa = XCBuildConfiguration;
			buildSettings = {
				GCC_WARN_64_TO_32_BIT_CONVERSION = NO;
				"HEADER_SEARCH_PATHS[arch=*]" = /usr/local/include;
				LIBRARY_SEARCH_PATHS = (
					"$(inherited)",
					/usr/local/Cellar/glfw3/3.2.1/lib,
					/usr/local/Cellar/glew/2.0.0/lib,
				);
				PRODUCT_NAME = "$(TARGET_NAME)";
			};
			name = Debug;
		};
		0BB4B1FA1D8E081400639F5D /* Release */ = {
			isa = XCBuildConfiguration;
			buildSettings = {
				GCC_WARN_64_TO_32_BIT_CONVERSION = NO;
				LIBRARY_SEARCH_PATHS = (
					"$(inherited)",
					/usr/local/Cellar/glfw3/3.2.1/lib,
					/usr/local/Cellar/glew/2.0.0/lib,
				);
				PRODUCT_NAME = "$(TARGET_NAME)";
			};
			name = Release;
		};
/* End XCBuildConfiguration section */

/* Begin XCConfigurationList section */
		0BB4B1EC1D8E081400639F5D /* Build configuration list for PBXProject "xxx" */ = {
			isa = XCConfigurationList;
			buildConfigurations = (
				0BB4B1F61D8E081400639F5D /* Debug */,
				0BB4B1F71D8E081400639F5D /* Release */,
			);
			defaultConfigurationIsVisible = 0;
			defaultConfigurationName = Release;
		};
		0BB4B1F81D8E081400639F5D /* Build configuration list for PBXNativeTarget "xxx" */ = {
			isa = XCConfigurationList;
			buildConfigurations = (
				0BB4B1F91D8E081400639F5D /* Debug */,
				0BB4B1FA1D8E081400639F5D /* Release */,
			);
			defaultConfigurationIsVisible = 0;
			defaultConfigurationName = Release;
		};
/* End XCConfigurationList section */
	};
	rootObject = 0BB4B1E91D8E081400639F5D /* Project object */;
}
